{
  "name": "wp-website-save",
  "version": "1.0.0",
  "lockfileVersion": 2,
  "requires": true,
  "packages": {
    "": {
      "name": "wp-website-save",
      "version": "1.0.0",
      "license": "MIT",
      "dependencies": {
        "basic-ftp": "^5.0.2",
        "fs": "^0.0.1-security"
      }
    },
    "node_modules/basic-ftp": {
      "version": "5.0.2",
      "resolved": "https://registry.npmjs.org/basic-ftp/-/basic-ftp-5.0.2.tgz",
      "integrity": "sha512-NgkBwqp7rkhIUBaxLwL601lvUuBUvShJocrLYdiyTsH1WeP/wofMdooZ4p6hz+4hqiU59PBOj0EkaqELwFJLuQ==",
      "engines": {
        "node": ">=10.0.0"
      }
    },
    "node_modules/fs": {
      "version": "0.0.1-security",
      "resolved": "https://registry.npmjs.org/fs/-/fs-0.0.1-security.tgz",
      "integrity": "sha512-3XY9e1pP0CVEUCdj5BmfIZxRBTSDycnbqhIOGec9QYtmVH2fbLpj86CFWkrNOkt/Fvty4KZG5lTglL9j/gJ87w=="
    }
  },
  "dependencies": {
    "basic-ftp": {
      "version": "5.0.2",
      "resolved": "https://registry.npmjs.org/basic-ftp/-/basic-ftp-5.0.2.tgz",
      "integrity": "sha512-NgkBwqp7rkhIUBaxLwL601lvUuBUvShJocrLYdiyTsH1WeP/wofMdooZ4p6hz+4hqiU59PBOj0EkaqELwFJLuQ=="
    },
    "fs": {
      "version": "0.0.1-security",
      "resolved": "https://registry.npmjs.org/fs/-/fs-0.0.1-security.tgz",
      "integrity": "sha512-3XY9e1pP0CVEUCdj5BmfIZxRBTSDycnbqhIOGec9QYtmVH2fbLpj86CFWkrNOkt/Fvty4KZG5lTglL9j/gJ87w=="
    }
  }
}
